# This file is automatically @generated by Cargo.
# It is not intended for manual editing.
version = 4

[[package]]
name = "bevy_color"
version = "0.13.0"

[[package]]
name = "bevy_math"
version = "0.13.0"

[[package]]
name = "engine_components_core"
version = "0.1.0"
dependencies = [
 "bevy_color",
 "bevy_math",
]

[[package]]
name = "engine_components_front"
version = "0.1.0"
